
Microsoft Visual Studio Solution File, Format Version 12.00
# Visual Studio Version 16
VisualStudioVersion = 16.0.29230.61
MinimumVisualStudioVersion = 10.0.40219.1
Project("{9A19103F-16F7-4668-BE54-9A1E7A4F7556}") = "WMTServer", "WMTServer\WMTServer.csproj", "{BDB887C3-91F7-4C5F-B06E-06C1F581BF3B}"
EndProject
Project("{9A19103F-16F7-4668-BE54-9A1E7A4F7556}") = "WMTDashboard", "WMTDashboard\WMTDashboard.csproj", "{6DADEFB3-E01C-4775-98C8-CBCA9378FCB4}"
EndProject
Project("{FAE04EC0-301F-11D3-BF4B-00C04F79EFBC}") = "WMTLogger", "WMTLogger\WMTLogger.csproj", "{1666E89E-5831-448D-B43C-9D1864CA23C7}"
EndProject
Global
	GlobalSection(SolutionConfigurationPlatforms) = preSolution
		Debug|Any CPU = Debug|Any CPU
		Release|Any CPU = Release|Any CPU
	EndGlobalSection
	GlobalSection(ProjectConfigurationPlatforms) = postSolution
		{BDB887C3-91F7-4C5F-B06E-06C1F581BF3B}.Debug|Any CPU.ActiveCfg = Debug|Any CPU
		{BDB887C3-91F7-4C5F-B06E-06C1F581BF3B}.Debug|Any CPU.Build.0 = Debug|Any CPU
		{BDB887C3-91F7-4C5F-B06E-06C1F581BF3B}.Release|Any CPU.ActiveCfg = Release|Any CPU
		{BDB887C3-91F7-4C5F-B06E-06C1F581BF3B}.Release|Any CPU.Build.0 = Release|Any CPU
		{6DADEFB3-E01C-4775-98C8-CBCA9378FCB4}.Debug|Any CPU.ActiveCfg = Debug|Any CPU
		{6DADEFB3-E01C-4775-98C8-CBCA9378FCB4}.Debug|Any CPU.Build.0 = Debug|Any CPU
		{6DADEFB3-E01C-4775-98C8-CBCA9378FCB4}.Release|Any CPU.ActiveCfg = Release|Any CPU
		{6DADEFB3-E01C-4775-98C8-CBCA9378FCB4}.Release|Any CPU.Build.0 = Release|Any CPU
		{1666E89E-5831-448D-B43C-9D1864CA23C7}.Debug|Any CPU.ActiveCfg = Debug|Any CPU
		{1666E89E-5831-448D-B43C-9D1864CA23C7}.Debug|Any CPU.Build.0 = Debug|Any CPU
		{1666E89E-5831-448D-B43C-9D1864CA23C7}.Release|Any CPU.ActiveCfg = Release|Any CPU
		{1666E89E-5831-448D-B43C-9D1864CA23C7}.Release|Any CPU.Build.0 = Release|Any CPU
	EndGlobalSection
	GlobalSection(SolutionProperties) = preSolution
		HideSolutionNode = FALSE
	EndGlobalSection
	GlobalSection(ExtensibilityGlobals) = postSolution
		SolutionGuid = {D9B066D2-B537-4C5C-A4A8-361828F66CB9}
	EndGlobalSection
EndGlobal
